
Microsoft Visual Studio Solution File, Format Version 12.00
# Visual Studio Version 17
VisualStudioVersion = 17.1.32319.34
MinimumVisualStudioVersion = 10.0.40219.1
Project("{9A19103F-16F7-4668-BE54-9A1E7A4F7556}") = "DemoSilkX11", "SilkX11\DemoSilkX11.csproj", "{389DE93C-631B-4F1F-80BF-12DB5D54D4B9}"
EndProject
Global
	GlobalSection(SolutionConfigurationPlatforms) = preSolution
		Debug|Any CPU = Debug|Any CPU
		Release|Any CPU = Release|Any CPU
	EndGlobalSection
	GlobalSection(ProjectConfigurationPlatforms) = postSolution
		{389DE93C-631B-4F1F-80BF-12DB5D54D4B9}.Debug|Any CPU.ActiveCfg = Debug|Any CPU
		{389DE93C-631B-4F1F-80BF-12DB5D54D4B9}.Debug|Any CPU.Build.0 = Debug|Any CPU
		{389DE93C-631B-4F1F-80BF-12DB5D54D4B9}.Release|Any CPU.ActiveCfg = Release|Any CPU
		{389DE93C-631B-4F1F-80BF-12DB5D54D4B9}.Release|Any CPU.Build.0 = Release|Any CPU
	EndGlobalSection
	GlobalSection(SolutionProperties) = preSolution
		HideSolutionNode = FALSE
	EndGlobalSection
	GlobalSection(ExtensibilityGlobals) = postSolution
		SolutionGuid = {963168D5-D566-48C7-B50B-4F6262974243}
	EndGlobalSection
EndGlobal
